
Microsoft Visual Studio Solution File, Format Version 12.00
# Visual Studio Version 17
VisualStudioVersion = 17.2.32516.85
MinimumVisualStudioVersion = 10.0.40219.1
Project("{8BC9CEB8-8B4A-11D0-8D11-00A0C91BC942}") = "Algorithms", "Algorithms.vcxproj", "{23464EDA-4230-40BA-A13A-087148684E6E}"
EndProject
Global
	GlobalSection(SolutionConfigurationPlatforms) = preSolution
		Debug|x64 = Debug|x64
		Debug|x86 = Debug|x86
		Release|x64 = Release|x64
		Release|x86 = Release|x86
	EndGlobalSection
	GlobalSection(ProjectConfigurationPlatforms) = postSolution
		{23464EDA-4230-40BA-A13A-087148684E6E}.Debug|x64.ActiveCfg = Debug|x64
		{23464EDA-4230-40BA-A13A-087148684E6E}.Debug|x64.Build.0 = Debug|x64
		{23464EDA-4230-40BA-A13A-087148684E6E}.Debug|x86.ActiveCfg = Debug|Win32
		{23464EDA-4230-40BA-A13A-087148684E6E}.Debug|x86.Build.0 = Debug|Win32
		{23464EDA-4230-40BA-A13A-087148684E6E}.Release|x64.ActiveCfg = Release|x64
		{23464EDA-4230-40BA-A13A-087148684E6E}.Release|x64.Build.0 = Release|x64
		{23464EDA-4230-40BA-A13A-087148684E6E}.Release|x86.ActiveCfg = Release|Win32
		{23464EDA-4230-40BA-A13A-087148684E6E}.Release|x86.Build.0 = Release|Win32
	EndGlobalSection
	GlobalSection(SolutionProperties) = preSolution
		HideSolutionNode = FALSE
	EndGlobalSection
	GlobalSection(ExtensibilityGlobals) = postSolution
		SolutionGuid = {C96A9F24-8F01-4F26-8A34-04E51400B472}
	EndGlobalSection
EndGlobal
